
Microsoft Visual Studio Solution File, Format Version 12.00
# Visual Studio Version 16
VisualStudioVersion = 16.0.29326.143
MinimumVisualStudioVersion = 10.0.40219.1
Project("{FAE04EC0-301F-11D3-BF4B-00C04F79EFBC}") = "ASM2", "ASM2.csproj", "{BD184BEB-FD35-4795-AE49-9F38B83ABA66}"
EndProject
Global
	GlobalSection(SolutionConfigurationPlatforms) = preSolution
		Debug|Any CPU = Debug|Any CPU
		Release|Any CPU = Release|Any CPU
	EndGlobalSection
	GlobalSection(ProjectConfigurationPlatforms) = postSolution
		{BD184BEB-FD35-4795-AE49-9F38B83ABA66}.Debug|Any CPU.ActiveCfg = Debug|Any CPU
		{BD184BEB-FD35-4795-AE49-9F38B83ABA66}.Debug|Any CPU.Build.0 = Debug|Any CPU
		{BD184BEB-FD35-4795-AE49-9F38B83ABA66}.Release|Any CPU.ActiveCfg = Release|Any CPU
		{BD184BEB-FD35-4795-AE49-9F38B83ABA66}.Release|Any CPU.Build.0 = Release|Any CPU
	EndGlobalSection
	GlobalSection(SolutionProperties) = preSolution
		HideSolutionNode = FALSE
	EndGlobalSection
	GlobalSection(ExtensibilityGlobals) = postSolution
		SolutionGuid = {0C59B233-F354-4F98-9CDF-C95E30BB3D18}
	EndGlobalSection
EndGlobal
